{
  "version": 4,
  "terraform_version": "1.5.7",
  "serial": 37,
  "lineage": "7b63e591-ff96-7337-bd4b-844d483ff5fe",
  "outputs": {
    "prefix": {
      "value": "Mr",
      "type": "string"
    }
  },
  "resources": [
    {
      "mode": "managed",
      "type": "local_file",
      "name": "nombre1",
      "provider": "provider[\"registry.terraform.io/hashicorp/local\"]",
      "instances": [
        {
          "schema_version": 0,
          "attributes": {
            "content": "Pau García Esparter 6",
            "content_base64": null,
            "content_base64sha256": "UFuWn7nspStE+RlmifYdXsWOIYBRMkyBBZTC+kIpMC8=",
            "content_base64sha512": "4ahfD4uKef6UJQ7IWf2YfIIRvz0ehp8HAJ/ZMZCyxGPmNfTK+NDq+0xgkjlyx6QeoVROIN0S607u92BdPhbfgA==",
            "content_md5": "55a22d8f915e790a93624106099c7ea5",
            "content_sha1": "aebd493610b053d0ee0eecfbe88ce82d3177e1e9",
            "content_sha256": "505b969fb9eca52b44f9196689f61d5ec58e218051324c810594c2fa4229302f",
            "content_sha512": "e1a85f0f8b8a79fe94250ec859fd987c8211bf3d1e869f07009fd93190b2c463e635f4caf8d0eafb4c60923972c7a41ea1544e20dd12eb4eeef7605d3e16df80",
            "directory_permission": "0777",
            "file_permission": "0777",
            "filename": "carpeta1/pau.txt",
            "id": "aebd493610b053d0ee0eecfbe88ce82d3177e1e9",
            "sensitive_content": null,
            "source": null
          },
          "sensitive_attributes": []
        }
      ]
    },
    {
      "mode": "managed",
      "type": "local_file",
      "name": "nombre2",
      "provider": "provider[\"registry.terraform.io/hashicorp/local\"]",
      "instances": [
        {
          "index_key": 0,
          "schema_version": 0,
          "attributes": {
            "content": "Mr.quality.badger",
            "content_base64": null,
            "content_base64sha256": "Kwp1KwEXnzaOT1NRJ0awhUSZEO8zylApRB2BoLwVbgU=",
            "content_base64sha512": "uFEYROWes6JuUfm1NfqPUYrrxLgech/1tD1ippjaE8hsIQh5b/+re7uFcnAirrQce9mX+4PlXUXABuXxoVIJBQ==",
            "content_md5": "1dadda2b011c1fdd41da7850cdc03dd2",
            "content_sha1": "2cf7806c083c01a982fd8126f1ce55ab9e932524",
            "content_sha256": "2b0a752b01179f368e4f53512746b085449910ef33ca5029441d81a0bc156e05",
            "content_sha512": "b8511844e59eb3a26e51f9b535fa8f518aebc4b81e721ff5b43d62a698da13c86c2108796fffab7bbb85727022aeb41c7bd997fb83e55d45c006e5f1a1520905",
            "directory_permission": "0777",
            "file_permission": "0777",
            "filename": "carpeta2/a10pepo.txt",
            "id": "2cf7806c083c01a982fd8126f1ce55ab9e932524",
            "sensitive_content": null,
            "source": null
          },
          "sensitive_attributes": [],
          "dependencies": [
            "random_pet.pet1"
          ]
        },
        {
          "index_key": 1,
          "schema_version": 0,
          "attributes": {
            "content": "Mr.quality.badger",
            "content_base64": null,
            "content_base64sha256": "Kwp1KwEXnzaOT1NRJ0awhUSZEO8zylApRB2BoLwVbgU=",
            "content_base64sha512": "uFEYROWes6JuUfm1NfqPUYrrxLgech/1tD1ippjaE8hsIQh5b/+re7uFcnAirrQce9mX+4PlXUXABuXxoVIJBQ==",
            "content_md5": "1dadda2b011c1fdd41da7850cdc03dd2",
            "content_sha1": "2cf7806c083c01a982fd8126f1ce55ab9e932524",
            "content_sha256": "2b0a752b01179f368e4f53512746b085449910ef33ca5029441d81a0bc156e05",
            "content_sha512": "b8511844e59eb3a26e51f9b535fa8f518aebc4b81e721ff5b43d62a698da13c86c2108796fffab7bbb85727022aeb41c7bd997fb83e55d45c006e5f1a1520905",
            "directory_permission": "0777",
            "file_permission": "0777",
            "filename": "carpeta2/a10pepo.txt",
            "id": "2cf7806c083c01a982fd8126f1ce55ab9e932524",
            "sensitive_content": null,
            "source": null
          },
          "sensitive_attributes": [],
          "dependencies": [
            "random_pet.pet1"
          ]
        },
        {
          "index_key": 2,
          "schema_version": 0,
          "attributes": {
            "content": "Mr.quality.badger",
            "content_base64": null,
            "content_base64sha256": "Kwp1KwEXnzaOT1NRJ0awhUSZEO8zylApRB2BoLwVbgU=",
            "content_base64sha512": "uFEYROWes6JuUfm1NfqPUYrrxLgech/1tD1ippjaE8hsIQh5b/+re7uFcnAirrQce9mX+4PlXUXABuXxoVIJBQ==",
            "content_md5": "1dadda2b011c1fdd41da7850cdc03dd2",
            "content_sha1": "2cf7806c083c01a982fd8126f1ce55ab9e932524",
            "content_sha256": "2b0a752b01179f368e4f53512746b085449910ef33ca5029441d81a0bc156e05",
            "content_sha512": "b8511844e59eb3a26e51f9b535fa8f518aebc4b81e721ff5b43d62a698da13c86c2108796fffab7bbb85727022aeb41c7bd997fb83e55d45c006e5f1a1520905",
            "directory_permission": "0777",
            "file_permission": "0777",
            "filename": "carpeta2/a10pepo.txt",
            "id": "2cf7806c083c01a982fd8126f1ce55ab9e932524",
            "sensitive_content": null,
            "source": null
          },
          "sensitive_attributes": [],
          "dependencies": [
            "random_pet.pet1"
          ]
        }
      ]
    },
    {
      "mode": "managed",
      "type": "random_pet",
      "name": "pet1",
      "provider": "provider[\"registry.terraform.io/hashicorp/random\"]",
      "instances": [
        {
          "schema_version": 0,
          "attributes": {
            "id": "Mr.quality.badger",
            "keepers": null,
            "length": 2,
            "prefix": "Mr",
            "separator": "."
          },
          "sensitive_attributes": []
        }
      ]
    },
    {
      "mode": "managed",
      "type": "random_pet",
      "name": "pet2",
      "provider": "provider[\"registry.terraform.io/hashicorp/random\"]",
      "instances": [
        {
          "schema_version": 0,
          "attributes": {
            "id": "Ms.live.duck",
            "keepers": null,
            "length": 2,
            "prefix": "Ms",
            "separator": "."
          },
          "sensitive_attributes": []
        }
      ]
    },
    {
      "mode": "managed",
      "type": "random_pet",
      "name": "pet3",
      "provider": "provider[\"registry.terraform.io/hashicorp/random\"]",
      "instances": [
        {
          "schema_version": 0,
          "attributes": {
            "id": "Mr.smooth.stingray",
            "keepers": {
              "keeper1": "pau",
              "keeper2": "a10pepo"
            },
            "length": 2,
            "prefix": "Mr",
            "separator": "."
          },
          "sensitive_attributes": []
        }
      ]
    }
  ],
  "check_results": null
}
